
Microsoft Visual Studio Solution File, Format Version 12.00
# Visual Studio Version 16
VisualStudioVersion = 16.0.30330.147
MinimumVisualStudioVersion = 10.0.40219.1
Project("{FAE04EC0-301F-11D3-BF4B-00C04F79EFBC}") = "FamilyBudgetServer", "FamilyBudgetServer\FamilyBudgetServer.csproj", "{4D2439A6-8277-4C8F-9332-4DCD0531E702}"
EndProject
Project("{FAE04EC0-301F-11D3-BF4B-00C04F79EFBC}") = "Contracts", "Contracts\Contracts.csproj", "{EAE7CF8B-0C89-49F8-8ED0-F0C16FBAA0AA}"
EndProject
Project("{FAE04EC0-301F-11D3-BF4B-00C04F79EFBC}") = "LoggerService", "LoggerService\LoggerService.csproj", "{65F78C8F-B10E-4D7C-A981-B453AC7E50CE}"
EndProject
Project("{FAE04EC0-301F-11D3-BF4B-00C04F79EFBC}") = "Entities", "Entities\Entities.csproj", "{78AAABA6-03AE-4D64-8A6C-980C2B4216F2}"
EndProject
Project("{FAE04EC0-301F-11D3-BF4B-00C04F79EFBC}") = "Repository", "Repository\Repository.csproj", "{6BD8FC0B-6E6C-4AB2-B909-084885DA6491}"
EndProject
Global
	GlobalSection(SolutionConfigurationPlatforms) = preSolution
		Debug|Any CPU = Debug|Any CPU
		Release|Any CPU = Release|Any CPU
	EndGlobalSection
	GlobalSection(ProjectConfigurationPlatforms) = postSolution
		{4D2439A6-8277-4C8F-9332-4DCD0531E702}.Debug|Any CPU.ActiveCfg = Debug|Any CPU
		{4D2439A6-8277-4C8F-9332-4DCD0531E702}.Debug|Any CPU.Build.0 = Debug|Any CPU
		{4D2439A6-8277-4C8F-9332-4DCD0531E702}.Release|Any CPU.ActiveCfg = Release|Any CPU
		{4D2439A6-8277-4C8F-9332-4DCD0531E702}.Release|Any CPU.Build.0 = Release|Any CPU
		{EAE7CF8B-0C89-49F8-8ED0-F0C16FBAA0AA}.Debug|Any CPU.ActiveCfg = Debug|Any CPU
		{EAE7CF8B-0C89-49F8-8ED0-F0C16FBAA0AA}.Debug|Any CPU.Build.0 = Debug|Any CPU
		{EAE7CF8B-0C89-49F8-8ED0-F0C16FBAA0AA}.Release|Any CPU.ActiveCfg = Release|Any CPU
		{EAE7CF8B-0C89-49F8-8ED0-F0C16FBAA0AA}.Release|Any CPU.Build.0 = Release|Any CPU
		{65F78C8F-B10E-4D7C-A981-B453AC7E50CE}.Debug|Any CPU.ActiveCfg = Debug|Any CPU
		{65F78C8F-B10E-4D7C-A981-B453AC7E50CE}.Debug|Any CPU.Build.0 = Debug|Any CPU
		{65F78C8F-B10E-4D7C-A981-B453AC7E50CE}.Release|Any CPU.ActiveCfg = Release|Any CPU
		{65F78C8F-B10E-4D7C-A981-B453AC7E50CE}.Release|Any CPU.Build.0 = Release|Any CPU
		{78AAABA6-03AE-4D64-8A6C-980C2B4216F2}.Debug|Any CPU.ActiveCfg = Debug|Any CPU
		{78AAABA6-03AE-4D64-8A6C-980C2B4216F2}.Debug|Any CPU.Build.0 = Debug|Any CPU
		{78AAABA6-03AE-4D64-8A6C-980C2B4216F2}.Release|Any CPU.ActiveCfg = Release|Any CPU
		{78AAABA6-03AE-4D64-8A6C-980C2B4216F2}.Release|Any CPU.Build.0 = Release|Any CPU
		{6BD8FC0B-6E6C-4AB2-B909-084885DA6491}.Debug|Any CPU.ActiveCfg = Debug|Any CPU
		{6BD8FC0B-6E6C-4AB2-B909-084885DA6491}.Debug|Any CPU.Build.0 = Debug|Any CPU
		{6BD8FC0B-6E6C-4AB2-B909-084885DA6491}.Release|Any CPU.ActiveCfg = Release|Any CPU
		{6BD8FC0B-6E6C-4AB2-B909-084885DA6491}.Release|Any CPU.Build.0 = Release|Any CPU
	EndGlobalSection
	GlobalSection(SolutionProperties) = preSolution
		HideSolutionNode = FALSE
	EndGlobalSection
	GlobalSection(ExtensibilityGlobals) = postSolution
		SolutionGuid = {3DC7C7B0-AA87-4F18-9D4B-CF670997D372}
	EndGlobalSection
EndGlobal
